{
  "requires": true,
  "lockfileVersion": 1,
  "dependencies": {
    "@vue/devtools-api": {
      "version": "6.6.3",
      "resolved": "https://mirrors.huaweicloud.com/repository/npm/@vue/devtools-api/-/devtools-api-6.6.3.tgz",
      "integrity": "sha512-0MiMsFma/HqA6g3KLKn+AGpL1kgKhFWszC9U29NfpWK5LE7bjeXxySWJrOJ77hBz+TBrBQ7o4QJqbPbqbs8rJw=="
    },
    "pinia": {
      "version": "2.2.0",
      "resolved": "https://mirrors.huaweicloud.com/repository/npm/pinia/-/pinia-2.2.0.tgz",
      "integrity": "sha512-iPrIh26GMqfpUlMOGyxuDowGmYousTecbTHFwT0xZ1zJvh23oQ+Cj99ZoPQA1TnUPhU6AuRPv6/drkTCJ0VHQA==",
      "requires": {
        "@vue/devtools-api": "^6.6.3",
        "vue-demi": "^0.14.8"
      }
    },
    "vue-demi": {
      "version": "0.14.10",
      "resolved": "https://mirrors.huaweicloud.com/repository/npm/vue-demi/-/vue-demi-0.14.10.tgz",
      "integrity": "sha512-nMZBOwuzabUO0nLgIcc6rycZEebF6eeUfaiQx9+WSk8e29IbLvPU9feI6tqW4kTo3hvoYAJkMh8n8D0fuISphg=="
    }
  }
}
